// !$*UTF8*$!
{
	archiveVersion = 1;
	classes = {
	};
	objectVersion = 46;
	objects = {

/* Begin PBXBuildFile section */
		10CE68781D22FE5A0091C1D3 /* main.m in Sources */ = {isa = PBXBuildFile; fileRef = 10CE68771D22FE5A0091C1D3 /* main.m */; };
		10CE687B1D22FE5A0091C1D3 /* AppDelegate.m in Sources */ = {isa = PBXBuildFile; fileRef = 10CE687A1D22FE5A0091C1D3 /* AppDelegate.m */; };
		10CE687E1D22FE5A0091C1D3 /* ViewController.m in Sources */ = {isa = PBXBuildFile; fileRef = 10CE687D1D22FE5A0091C1D3 /* ViewController.m */; };
		10CE68811D22FE5A0091C1D3 /* Main.storyboard in Resources */ = {isa = PBXBuildFile; fileRef = 10CE687F1D22FE5A0091C1D3 /* Main.storyboard */; };
		10CE68831D22FE5A0091C1D3 /* Assets.xcassets in Resources */ = {isa = PBXBuildFile; fileRef = 10CE68821D22FE5A0091C1D3 /* Assets.xcassets */; };
		10CE68861D22FE5A0091C1D3 /* LaunchScreen.storyboard in Resources */ = {isa = PBXBuildFile; fileRef = 10CE68841D22FE5A0091C1D3 /* LaunchScreen.storyboard */; };
		10CE688F1D22FF810091C1D3 /* ShoppingCategoriesTableViewController.m in Sources */ = {isa = PBXBuildFile; fileRef = 10CE688E1D22FF810091C1D3 /* ShoppingCategoriesTableViewController.m */; };
/* End PBXBuildFile section */

/* Begin PBXFileReference section */
		10CE68731D22FE590091C1D3 /* GroceriesApp.app */ = {isa = PBXFileReference; explicitFileType = wrapper.application; includeInIndex = 0; path = GroceriesApp.app; sourceTree = BUILT_PRODUCTS_DIR; };
		10CE68771D22FE5A0091C1D3 /* main.m */ = {isa = PBXFileReference; lastKnownFileType = sourcecode.c.objc; path = main.m; sourceTree = "<group>"; };
		10CE68791D22FE5A0091C1D3 /* AppDelegate.h */ = {isa = PBXFileReference; lastKnownFileType = sourcecode.c.h; path = AppDelegate.h; sourceTree = "<group>"; };
		10CE687A1D22FE5A0091C1D3 /* AppDelegate.m */ = {isa = PBXFileReference; lastKnownFileType = sourcecode.c.objc; path = AppDelegate.m; sourceTree = "<group>"; };
		10CE687C1D22FE5A0091C1D3 /* ViewController.h */ = {isa = PBXFileReference; lastKnownFileType = sourcecode.c.h; path = ViewController.h; sourceTree = "<group>"; };
		10CE687D1D22FE5A0091C1D3 /* ViewController.m */ = {isa = PBXFileReference; lastKnownFileType = sourcecode.c.objc; path = ViewController.m; sourceTree = "<group>"; };
		10CE68801D22FE5A0091C1D3 /* Base */ = {isa = PBXFileReference; lastKnownFileType = file.storyboard; name = Base; path = Base.lproj/Main.storyboard; sourceTree = "<group>"; };
		10CE68821D22FE5A0091C1D3 /* Assets.xcassets */ = {isa = PBXFileReference; lastKnownFileType = folder.assetcatalog; path = Assets.xcassets; sourceTree = "<group>"; };
		10CE68851D22FE5A0091C1D3 /* Base */ = {isa = PBXFileReference; lastKnownFileType = file.storyboard; name = Base; path = Base.lproj/LaunchScreen.storyboard; sourceTree = "<group>"; };
		10CE68871D22FE5A0091C1D3 /* Info.plist */ = {isa = PBXFileReference; lastKnownFileType = text.plist.xml; path = Info.plist; sourceTree = "<group>"; };
		10CE688D1D22FF810091C1D3 /* ShoppingCategoriesTableViewController.h */ = {isa = PBXFileReference; fileEncoding = 4; lastKnownFileType = sourcecode.c.h; path = ShoppingCategoriesTableViewController.h; sourceTree = "<group>"; };
		10CE688E1D22FF810091C1D3 /* ShoppingCategoriesTableViewController.m */ = {isa = PBXFileReference; fileEncoding = 4; lastKnownFileType = sourcecode.c.objc; path = ShoppingCategoriesTableViewController.m; sourceTree = "<group>"; };
/* End PBXFileReference section */

/* Begin PBXFrameworksBuildPhase section */
		10CE68701D22FE590091C1D3 /* Frameworks */ = {
			isa = PBXFrameworksBuildPhase;
			buildActionMask = 2147483647;
			files = (
			);
			runOnlyForDeploymentPostprocessing = 0;
		};
/* End PBXFrameworksBuildPhase section */

/* Begin PBXGroup section */
		10CE686A1D22FE590091C1D3 = {
			isa = PBXGroup;
			children = (
				10CE68751D22FE5A0091C1D3 /* GroceriesApp */,
				10CE68741D22FE590091C1D3 /* Products */,
			);
			sourceTree = "<group>";
		};
		10CE68741D22FE590091C1D3 /* Products */ = {
			isa = PBXGroup;
			children = (
				10CE68731D22FE590091C1D3 /* GroceriesApp.app */,
			);
			name = Products;
			sourceTree = "<group>";
		};
		10CE68751D22FE5A0091C1D3 /* GroceriesApp */ = {
			isa = PBXGroup;
			children = (
				10CE68791D22FE5A0091C1D3 /* AppDelegate.h */,
				10CE687A1D22FE5A0091C1D3 /* AppDelegate.m */,
				10CE687C1D22FE5A0091C1D3 /* ViewController.h */,
				10CE687D1D22FE5A0091C1D3 /* ViewController.m */,
				10CE687F1D22FE5A0091C1D3 /* Main.storyboard */,
				10CE68821D22FE5A0091C1D3 /* Assets.xcassets */,
				10CE68841D22FE5A0091C1D3 /* LaunchScreen.storyboard */,
				10CE68871D22FE5A0091C1D3 /* Info.plist */,
				10CE68761D22FE5A0091C1D3 /* Supporting Files */,
				10CE688D1D22FF810091C1D3 /* ShoppingCategoriesTableViewController.h */,
				10CE688E1D22FF810091C1D3 /* ShoppingCategoriesTableViewController.m */,
			);
			path = GroceriesApp;
			sourceTree = "<group>";
		};
		10CE68761D22FE5A0091C1D3 /* Supporting Files */ = {
			isa = PBXGroup;
			children = (
				10CE68771D22FE5A0091C1D3 /* main.m */,
			);
			name = "Supporting Files";
			sourceTree = "<group>";
		};
/* End PBXGroup section */

/* Begin PBXNativeTarget section */
		10CE68721D22FE590091C1D3 /* GroceriesApp */ = {
			isa = PBXNativeTarget;
			buildConfigurationList = 10CE688A1D22FE5A0091C1D3 /* Build configuration list for PBXNativeTarget "GroceriesApp" */;
			buildPhases = (
				10CE686F1D22FE590091C1D3 /* Sources */,
				10CE68701D22FE590091C1D3 /* Frameworks */,
				10CE68711D22FE590091C1D3 /* Resources */,
			);
			buildRules = (
			);
			dependencies = (
			);
			name = GroceriesApp;
			productName = GroceriesApp;
			productReference = 10CE68731D22FE590091C1D3 /* GroceriesApp.app */;
			productType = "com.apple.product-type.application";
		};
/* End PBXNativeTarget section */

/* Begin PBXProject section */
		10CE686B1D22FE590091C1D3 /* Project object */ = {
			isa = PBXProject;
			attributes = {
				LastUpgradeCheck = 0730;
				ORGANIZATIONNAME = "Efrain Ayllon";
				TargetAttributes = {
					10CE68721D22FE590091C1D3 = {
						CreatedOnToolsVersion = 7.3.1;
					};
				};
			};
			buildConfigurationList = 10CE686E1D22FE590091C1D3 /* Build configuration list for PBXProject "GroceriesApp" */;
			compatibilityVersion = "Xcode 3.2";
			developmentRegion = English;
			hasScannedForEncodings = 0;
			knownRegions = (
				en,
				Base,
			);
			mainGroup = 10CE686A1D22FE590091C1D3;
			productRefGroup = 10CE68741D22FE590091C1D3 /* Products */;
			projectDirPath = "";
			projectRoot = "";
			targets = (
				10CE68721D22FE590091C1D3 /* GroceriesApp */,
			);
		};
/* End PBXProject section */

/* Begin PBXResourcesBuildPhase section */
		10CE68711D22FE590091C1D3 /* Resources */ = {
			isa = PBXResourcesBuildPhase;
			buildActionMask = 2147483647;
			files = (
				10CE68861D22FE5A0091C1D3 /* LaunchScreen.storyboard in Resources */,
				10CE68831D22FE5A0091C1D3 /* Assets.xcassets in Resources */,
				10CE68811D22FE5A0091C1D3 /* Main.storyboard in Resources */,
			);
			runOnlyForDeploymentPostprocessing = 0;
		};
/* End PBXResourcesBuildPhase section */

/* Begin PBXSourcesBuildPhase section */
		10CE686F1D22FE590091C1D3 /* Sources */ = {
			isa = PBXSourcesBuildPhase;
			buildActionMask = 2147483647;
			files = (
				10CE687E1D22FE5A0091C1D3 /* ViewController.m in Sources */,
				10CE687B1D22FE5A0091C1D3 /* AppDelegate.m in Sources */,
				10CE68781D22FE5A0091C1D3 /* main.m in Sources */,
				10CE688F1D22FF810091C1D3 /* ShoppingCategoriesTableViewController.m in Sources */,
			);
			runOnlyForDeploymentPostprocessing = 0;
		};
/* End PBXSourcesBuildPhase section */

/* Begin PBXVariantGroup section */
		10CE687F1D22FE5A0091C1D3 /* Main.storyboard */ = {
			isa = PBXVariantGroup;
			children = (
				10CE68801D22FE5A0091C1D3 /* Base */,
			);
			name = Main.storyboard;
			sourceTree = "<group>";
		};
		10CE68841D22FE5A0091C1D3 /* LaunchScreen.storyboard */ = {
			isa = PBXVariantGroup;
			children = (
				10CE68851D22FE5A0091C1D3 /* Base */,
			);
			name = LaunchScreen.storyboard;
			sourceTree = "<group>";
		};
/* End PBXVariantGroup section */

/* Begin XCBuildConfiguration section */
		10CE68881D22FE5A0091C1D3 /* Debug */ = {
			isa = XCBuildConfiguration;
			buildSettings = {
				ALWAYS_SEARCH_USER_PATHS = NO;
				CLANG_ANALYZER_NONNULL = YES;
				CLANG_CXX_LANGUAGE_STANDARD = "gnu++0x";
				CLANG_CXX_LIBRARY = "libc++";
				CLANG_ENABLE_MODULES = YES;
				CLANG_ENABLE_OBJC_ARC = YES;
				CLANG_WARN_BOOL_CONVERSION = YES;
				CLANG_WARN_CONSTANT_CONVERSION = YES;
				CLANG_WARN_DIRECT_OBJC_ISA_USAGE = YES_ERROR;
				CLANG_WARN_EMPTY_BODY = YES;
				CLANG_WARN_ENUM_CONVERSION = YES;
				CLANG_WARN_INT_CONVERSION = YES;
				CLANG_WARN_OBJC_ROOT_CLASS = YES_ERROR;
				CLANG_WARN_UNREACHABLE_CODE = YES;
				CLANG_WARN__DUPLICATE_METHOD_MATCH = YES;
				"CODE_SIGN_IDENTITY[sdk=iphoneos*]" = "iPhone Developer";
				COPY_PHASE_STRIP = NO;
				DEBUG_INFORMATION_FORMAT = dwarf;
				ENABLE_STRICT_OBJC_MSGSEND = YES;
				ENABLE_TESTABILITY = YES;
				GCC_C_LANGUAGE_STANDARD = gnu99;
				GCC_DYNAMIC_NO_PIC = NO;
				GCC_NO_COMMON_BLOCKS = YES;
				GCC_OPTIMIZATION_LEVEL = 0;
				GCC_PREPROCESSOR_DEFINITIONS = (
					"DEBUG=1",
					"$(inherited)",
				);
				GCC_WARN_64_TO_32_BIT_CONVERSION = YES;
				GCC_WARN_ABOUT_RETURN_TYPE = YES_ERROR;
				GCC_WARN_UNDECLARED_SELECTOR = YES;
				GCC_WARN_UNINITIALIZED_AUTOS = YES_AGGRESSIVE;
				GCC_WARN_UNUSED_FUNCTION = YES;
				GCC_WARN_UNUSED_VARIABLE = YES;
				IPHONEOS_DEPLOYMENT_TARGET = 9.3;
				MTL_ENABLE_DEBUG_INFO = YES;
				ONLY_ACTIVE_ARCH = YES;
				SDKROOT = iphoneos;
				TARGETED_DEVICE_FAMILY = "1,2";
			};
			name = Debug;
		};
		10CE68891D22FE5A0091C1D3 /* Release */ = {
			isa = XCBuildConfiguration;
			buildSettings = {
				ALWAYS_SEARCH_USER_PATHS = NO;
				CLANG_ANALYZER_NONNULL = YES;
				CLANG_CXX_LANGUAGE_STANDARD = "gnu++0x";
				CLANG_CXX_LIBRARY = "libc++";
				CLANG_ENABLE_MODULES = YES;
				CLANG_ENABLE_OBJC_ARC = YES;
				CLANG_WARN_BOOL_CONVERSION = YES;
				CLANG_WARN_CONSTANT_CONVERSION = YES;
				CLANG_WARN_DIRECT_OBJC_ISA_USAGE = YES_ERROR;
				CLANG_WARN_EMPTY_BODY = YES;
				CLANG_WARN_ENUM_CONVERSION = YES;
				CLANG_WARN_INT_CONVERSION = YES;
				CLANG_WARN_OBJC_ROOT_CLASS = YES_ERROR;
				CLANG_WARN_UNREACHABLE_CODE = YES;
				CLANG_WARN__DUPLICATE_METHOD_MATCH = YES;
				"CODE_SIGN_IDENTITY[sdk=iphoneos*]" = "iPhone Developer";
				COPY_PHASE_STRIP = NO;
				DEBUG_INFORMATION_FORMAT = "dwarf-with-dsym";
				ENABLE_NS_ASSERTIONS = NO;
				ENABLE_STRICT_OBJC_MSGSEND = YES;
				GCC_C_LANGUAGE_STANDARD = gnu99;
				GCC_NO_COMMON_BLOCKS = YES;
				GCC_WARN_64_TO_32_BIT_CONVERSION = YES;
				GCC_WARN_ABOUT_RETURN_TYPE = YES_ERROR;
				GCC_WARN_UNDECLARED_SELECTOR = YES;
				GCC_WARN_UNINITIALIZED_AUTOS = YES_AGGRESSIVE;
				GCC_WARN_UNUSED_FUNCTION = YES;
				GCC_WARN_UNUSED_VARIABLE = YES;
				IPHONEOS_DEPLOYMENT_TARGET = 9.3;
				MTL_ENABLE_DEBUG_INFO = NO;
				SDKROOT = iphoneos;
				TARGETED_DEVICE_FAMILY = "1,2";
				VALIDATE_PRODUCT = YES;
			};
			name = Release;
		};
		10CE688B1D22FE5A0091C1D3 /* Debug */ = {
			isa = XCBuildConfiguration;
			buildSettings = {
				ASSETCATALOG_COMPILER_APPICON_NAME = AppIcon;
				INFOPLIST_FILE = GroceriesApp/Info.plist;
				LD_RUNPATH_SEARCH_PATHS = "$(inherited) @executable_path/Frameworks";
				PRODUCT_BUNDLE_IDENTIFIER = com.earoa.GroceriesApp;
				PRODUCT_NAME = "$(TARGET_NAME)";
			};
			name = Debug;
		};
		10CE688C1D22FE5A0091C1D3 /* Release */ = {
			isa = XCBuildConfiguration;
			buildSettings = {
				ASSETCATALOG_COMPILER_APPICON_NAME = AppIcon;
				INFOPLIST_FILE = GroceriesApp/Info.plist;
				LD_RUNPATH_SEARCH_PATHS = "$(inherited) @executable_path/Frameworks";
				PRODUCT_BUNDLE_IDENTIFIER = com.earoa.GroceriesApp;
				PRODUCT_NAME = "$(TARGET_NAME)";
			};
			name = Release;
		};
/* End XCBuildConfiguration section */

/* Begin XCConfigurationList section */
		10CE686E1D22FE590091C1D3 /* Build configuration list for PBXProject "GroceriesApp" */ = {
			isa = XCConfigurationList;
			buildConfigurations = (
				10CE68881D22FE5A0091C1D3 /* Debug */,
				10CE68891D22FE5A0091C1D3 /* Release */,
			);
			defaultConfigurationIsVisible = 0;
			defaultConfigurationName = Release;
		};
		10CE688A1D22FE5A0091C1D3 /* Build configuration list for PBXNativeTarget "GroceriesApp" */ = {
			isa = XCConfigurationList;
			buildConfigurations = (
				10CE688B1D22FE5A0091C1D3 /* Debug */,
				10CE688C1D22FE5A0091C1D3 /* Release */,
			);
			defaultConfigurationIsVisible = 0;
		};
/* End XCConfigurationList section */
	};
	rootObject = 10CE686B1D22FE590091C1D3 /* Project object */;
}
